// !$*UTF8*$!
{
	archiveVersion = 1;
	classes = {
	};
	objectVersion = 55;
	objects = {

/* Begin PBXBuildFile section */
		B309DFDB27424E22006C10E4 /* City+CoreDataClass.swift in Sources */ = {isa = PBXBuildFile; fileRef = B309DFD927424E22006C10E4 /* City+CoreDataClass.swift */; };
		B309DFDC27424E22006C10E4 /* City+CoreDataProperties.swift in Sources */ = {isa = PBXBuildFile; fileRef = B309DFDA27424E22006C10E4 /* City+CoreDataProperties.swift */; };
		B3166095272AC8470006D240 /* config.json in Resources */ = {isa = PBXBuildFile; fileRef = B3166094272AC8470006D240 /* config.json */; };
		B3166097272AC8670006D240 /* Config.swift in Sources */ = {isa = PBXBuildFile; fileRef = B3166096272AC8670006D240 /* Config.swift */; };
		B32095D6272191C4004E71CC /* LocationManager.swift in Sources */ = {isa = PBXBuildFile; fileRef = B32095D5272191C4004E71CC /* LocationManager.swift */; };
		B32095DB27219281004E71CC /* CurrentLocationView.swift in Sources */ = {isa = PBXBuildFile; fileRef = B32095DA27219281004E71CC /* CurrentLocationView.swift */; };
		B32803AF2727D9A200E1A30B /* CurrentWeatherViewModel.swift in Sources */ = {isa = PBXBuildFile; fileRef = B32803AE2727D9A200E1A30B /* CurrentWeatherViewModel.swift */; };
		B32DBA5427424A070042B29F /* SavedCitiesViewModel.swift in Sources */ = {isa = PBXBuildFile; fileRef = B32DBA5327424A070042B29F /* SavedCitiesViewModel.swift */; };
		B337F8A42742D6360074A1FF /* DateTimeManager.swift in Sources */ = {isa = PBXBuildFile; fileRef = B337F8A32742D6360074A1FF /* DateTimeManager.swift */; };
		B35421C4273A66A200C9D31E /* SavedDataManager.swift.swift in Sources */ = {isa = PBXBuildFile; fileRef = B35421C3273A66A100C9D31E /* SavedDataManager.swift.swift */; };
		B37135592703226700DC44C0 /* Prog2WeatherProjectApp.swift in Sources */ = {isa = PBXBuildFile; fileRef = B37135582703226700DC44C0 /* Prog2WeatherProjectApp.swift */; };
		B371355B2703226700DC44C0 /* ContentView.swift in Sources */ = {isa = PBXBuildFile; fileRef = B371355A2703226700DC44C0 /* ContentView.swift */; };
		B371355D2703226800DC44C0 /* Assets.xcassets in Resources */ = {isa = PBXBuildFile; fileRef = B371355C2703226800DC44C0 /* Assets.xcassets */; };
		B37135602703226800DC44C0 /* Preview Assets.xcassets in Resources */ = {isa = PBXBuildFile; fileRef = B371355F2703226800DC44C0 /* Preview Assets.xcassets */; };
		B37135652703226800DC44C0 /* Prog2WeatherProject.xcdatamodeld in Sources */ = {isa = PBXBuildFile; fileRef = B37135632703226800DC44C0 /* Prog2WeatherProject.xcdatamodeld */; };
		B375297E27155F7400F1146B /* CustomSearchBar.swift in Sources */ = {isa = PBXBuildFile; fileRef = B375297D27155F7400F1146B /* CustomSearchBar.swift */; };
		B375298027155F9D00F1146B /* CitiesService.swift in Sources */ = {isa = PBXBuildFile; fileRef = B375297F27155F9D00F1146B /* CitiesService.swift */; };
		B37529822715606600F1146B /* LocationAPIResponse.swift in Sources */ = {isa = PBXBuildFile; fileRef = B37529812715606600F1146B /* LocationAPIResponse.swift */; };
		B37529842715657400F1146B /* SearchCity.swift in Sources */ = {isa = PBXBuildFile; fileRef = B37529832715657300F1146B /* SearchCity.swift */; };
		B3792D0C27141A270002D111 /* WeatherAPIResponse.swift in Sources */ = {isa = PBXBuildFile; fileRef = B3792D0B27141A270002D111 /* WeatherAPIResponse.swift */; };
		B3792D1027141B0A0002D111 /* WeatherService.swift in Sources */ = {isa = PBXBuildFile; fileRef = B3792D0F27141B0A0002D111 /* WeatherService.swift */; };
		B3792D15271452870002D111 /* WeatherViewModel.swift in Sources */ = {isa = PBXBuildFile; fileRef = B3792D14271452870002D111 /* WeatherViewModel.swift */; };
		B3DA8A852742A7D60001A7BF /* WeatherView.swift in Sources */ = {isa = PBXBuildFile; fileRef = B3DA8A842742A7D60001A7BF /* WeatherView.swift */; };
/* End PBXBuildFile section */

/* Begin PBXFileReference section */
		B309DFD927424E22006C10E4 /* City+CoreDataClass.swift */ = {isa = PBXFileReference; lastKnownFileType = sourcecode.swift; path = "City+CoreDataClass.swift"; sourceTree = "<group>"; };
		B309DFDA27424E22006C10E4 /* City+CoreDataProperties.swift */ = {isa = PBXFileReference; lastKnownFileType = sourcecode.swift; path = "City+CoreDataProperties.swift"; sourceTree = "<group>"; };
		B3166094272AC8470006D240 /* config.json */ = {isa = PBXFileReference; lastKnownFileType = text.json; path = config.json; sourceTree = "<group>"; };
		B3166096272AC8670006D240 /* Config.swift */ = {isa = PBXFileReference; lastKnownFileType = sourcecode.swift; path = Config.swift; sourceTree = "<group>"; };
		B32095D5272191C4004E71CC /* LocationManager.swift */ = {isa = PBXFileReference; lastKnownFileType = sourcecode.swift; path = LocationManager.swift; sourceTree = "<group>"; };
		B32095DA27219281004E71CC /* CurrentLocationView.swift */ = {isa = PBXFileReference; lastKnownFileType = sourcecode.swift; path = CurrentLocationView.swift; sourceTree = "<group>"; };
		B32095DC27219817004E71CC /* Info.plist */ = {isa = PBXFileReference; lastKnownFileType = text.plist; path = Info.plist; sourceTree = "<group>"; };
		B32803AE2727D9A200E1A30B /* CurrentWeatherViewModel.swift */ = {isa = PBXFileReference; lastKnownFileType = sourcecode.swift; path = CurrentWeatherViewModel.swift; sourceTree = "<group>"; };
		B32DBA5327424A070042B29F /* SavedCitiesViewModel.swift */ = {isa = PBXFileReference; lastKnownFileType = sourcecode.swift; path = SavedCitiesViewModel.swift; sourceTree = "<group>"; };
		B337F8A32742D6360074A1FF /* DateTimeManager.swift */ = {isa = PBXFileReference; lastKnownFileType = sourcecode.swift; path = DateTimeManager.swift; sourceTree = "<group>"; };
		B35421C3273A66A100C9D31E /* SavedDataManager.swift.swift */ = {isa = PBXFileReference; lastKnownFileType = sourcecode.swift; path = SavedDataManager.swift.swift; sourceTree = "<group>"; };
		B37135552703226700DC44C0 /* Prog2WeatherProject.app */ = {isa = PBXFileReference; explicitFileType = wrapper.application; includeInIndex = 0; path = Prog2WeatherProject.app; sourceTree = BUILT_PRODUCTS_DIR; };
		B37135582703226700DC44C0 /* Prog2WeatherProjectApp.swift */ = {isa = PBXFileReference; lastKnownFileType = sourcecode.swift; path = Prog2WeatherProjectApp.swift; sourceTree = "<group>"; };
		B371355A2703226700DC44C0 /* ContentView.swift */ = {isa = PBXFileReference; lastKnownFileType = sourcecode.swift; path = ContentView.swift; sourceTree = "<group>"; };
		B371355C2703226800DC44C0 /* Assets.xcassets */ = {isa = PBXFileReference; lastKnownFileType = folder.assetcatalog; path = Assets.xcassets; sourceTree = "<group>"; };
		B371355F2703226800DC44C0 /* Preview Assets.xcassets */ = {isa = PBXFileReference; lastKnownFileType = folder.assetcatalog; path = "Preview Assets.xcassets"; sourceTree = "<group>"; };
		B37135642703226800DC44C0 /* Prog2WeatherProject.xcdatamodel */ = {isa = PBXFileReference; lastKnownFileType = wrapper.xcdatamodel; path = Prog2WeatherProject.xcdatamodel; sourceTree = "<group>"; };
		B375297D27155F7400F1146B /* CustomSearchBar.swift */ = {isa = PBXFileReference; lastKnownFileType = sourcecode.swift; path = CustomSearchBar.swift; sourceTree = "<group>"; };
		B375297F27155F9D00F1146B /* CitiesService.swift */ = {isa = PBXFileReference; lastKnownFileType = sourcecode.swift; path = CitiesService.swift; sourceTree = "<group>"; };
		B37529812715606600F1146B /* LocationAPIResponse.swift */ = {isa = PBXFileReference; lastKnownFileType = sourcecode.swift; path = LocationAPIResponse.swift; sourceTree = "<group>"; };
		B37529832715657300F1146B /* SearchCity.swift */ = {isa = PBXFileReference; lastKnownFileType = sourcecode.swift; path = SearchCity.swift; sourceTree = "<group>"; };
		B3792D0B27141A270002D111 /* WeatherAPIResponse.swift */ = {isa = PBXFileReference; lastKnownFileType = sourcecode.swift; path = WeatherAPIResponse.swift; sourceTree = "<group>"; };
		B3792D0F27141B0A0002D111 /* WeatherService.swift */ = {isa = PBXFileReference; lastKnownFileType = sourcecode.swift; path = WeatherService.swift; sourceTree = "<group>"; };
		B3792D14271452870002D111 /* WeatherViewModel.swift */ = {isa = PBXFileReference; lastKnownFileType = sourcecode.swift; path = WeatherViewModel.swift; sourceTree = "<group>"; };
		B3DA8A842742A7D60001A7BF /* WeatherView.swift */ = {isa = PBXFileReference; lastKnownFileType = sourcecode.swift; path = WeatherView.swift; sourceTree = "<group>"; };
/* End PBXFileReference section */

/* Begin PBXFrameworksBuildPhase section */
		B37135522703226700DC44C0 /* Frameworks */ = {
			isa = PBXFrameworksBuildPhase;
			buildActionMask = 2147483647;
			files = (
			);
			runOnlyForDeploymentPostprocessing = 0;
		};
/* End PBXFrameworksBuildPhase section */

/* Begin PBXGroup section */
		B32095D727219262004E71CC /* CurrentLocation */ = {
			isa = PBXGroup;
			children = (
				B32095DA27219281004E71CC /* CurrentLocationView.swift */,
			);
			path = CurrentLocation;
			sourceTree = "<group>";
		};
		B32DBA5927424CE20042B29F /* City */ = {
			isa = PBXGroup;
			children = (
				B309DFD927424E22006C10E4 /* City+CoreDataClass.swift */,
				B309DFDA27424E22006C10E4 /* City+CoreDataProperties.swift */,
			);
			path = City;
			sourceTree = "<group>";
		};
		B35421C2273A668700C9D31E /* CoreData */ = {
			isa = PBXGroup;
			children = (
				B32DBA5927424CE20042B29F /* City */,
				B37135632703226800DC44C0 /* Prog2WeatherProject.xcdatamodeld */,
				B35421C3273A66A100C9D31E /* SavedDataManager.swift.swift */,
			);
			path = CoreData;
			sourceTree = "<group>";
		};
		B371354C2703226700DC44C0 = {
			isa = PBXGroup;
			children = (
				B37135572703226700DC44C0 /* Prog2WeatherProject */,
				B37135562703226700DC44C0 /* Products */,
			);
			sourceTree = "<group>";
		};
		B37135562703226700DC44C0 /* Products */ = {
			isa = PBXGroup;
			children = (
				B37135552703226700DC44C0 /* Prog2WeatherProject.app */,
			);
			name = Products;
			sourceTree = "<group>";
		};
		B37135572703226700DC44C0 /* Prog2WeatherProject */ = {
			isa = PBXGroup;
			children = (
				B35421C2273A668700C9D31E /* CoreData */,
				B32095DC27219817004E71CC /* Info.plist */,
				B3792D162714528A0002D111 /* ViewModels */,
				B3792D13271448FF0002D111 /* Views */,
				B3792D0E27141AF30002D111 /* Services */,
				B3792D0D27141A2F0002D111 /* Models */,
				B37135582703226700DC44C0 /* Prog2WeatherProjectApp.swift */,
				B371355C2703226800DC44C0 /* Assets.xcassets */,
				B371355E2703226800DC44C0 /* Preview Content */,
				B3166094272AC8470006D240 /* config.json */,
			);
			path = Prog2WeatherProject;
			sourceTree = "<group>";
		};
		B371355E2703226800DC44C0 /* Preview Content */ = {
			isa = PBXGroup;
			children = (
				B371355F2703226800DC44C0 /* Preview Assets.xcassets */,
			);
			path = "Preview Content";
			sourceTree = "<group>";
		};
		B3792D0D27141A2F0002D111 /* Models */ = {
			isa = PBXGroup;
			children = (
				B3792D0B27141A270002D111 /* WeatherAPIResponse.swift */,
				B37529812715606600F1146B /* LocationAPIResponse.swift */,
				B3166096272AC8670006D240 /* Config.swift */,
			);
			path = Models;
			sourceTree = "<group>";
		};
		B3792D0E27141AF30002D111 /* Services */ = {
			isa = PBXGroup;
			children = (
				B3792D0F27141B0A0002D111 /* WeatherService.swift */,
				B375297F27155F9D00F1146B /* CitiesService.swift */,
				B337F8A32742D6360074A1FF /* DateTimeManager.swift */,
			);
			path = Services;
			sourceTree = "<group>";
		};
		B3792D13271448FF0002D111 /* Views */ = {
			isa = PBXGroup;
			children = (
				B3DA8A832742A7BD0001A7BF /* WeatherView */,
				B32095D727219262004E71CC /* CurrentLocation */,
				B371355A2703226700DC44C0 /* ContentView.swift */,
				B375297D27155F7400F1146B /* CustomSearchBar.swift */,
			);
			path = Views;
			sourceTree = "<group>";
		};
		B3792D162714528A0002D111 /* ViewModels */ = {
			isa = PBXGroup;
			children = (
				B3792D14271452870002D111 /* WeatherViewModel.swift */,
				B37529832715657300F1146B /* SearchCity.swift */,
				B32095D5272191C4004E71CC /* LocationManager.swift */,
				B32803AE2727D9A200E1A30B /* CurrentWeatherViewModel.swift */,
				B32DBA5327424A070042B29F /* SavedCitiesViewModel.swift */,
			);
			path = ViewModels;
			sourceTree = "<group>";
		};
		B3DA8A832742A7BD0001A7BF /* WeatherView */ = {
			isa = PBXGroup;
			children = (
				B3DA8A842742A7D60001A7BF /* WeatherView.swift */,
			);
			path = WeatherView;
			sourceTree = "<group>";
		};
/* End PBXGroup section */

/* Begin PBXNativeTarget section */
		B37135542703226700DC44C0 /* Prog2WeatherProject */ = {
			isa = PBXNativeTarget;
			buildConfigurationList = B37135682703226800DC44C0 /* Build configuration list for PBXNativeTarget "Prog2WeatherProject" */;
			buildPhases = (
				B37135512703226700DC44C0 /* Sources */,
				B37135522703226700DC44C0 /* Frameworks */,
				B37135532703226700DC44C0 /* Resources */,
			);
			buildRules = (
			);
			dependencies = (
			);
			name = Prog2WeatherProject;
			productName = Prog2WeatherProject;
			productReference = B37135552703226700DC44C0 /* Prog2WeatherProject.app */;
			productType = "com.apple.product-type.application";
		};
/* End PBXNativeTarget section */

/* Begin PBXProject section */
		B371354D2703226700DC44C0 /* Project object */ = {
			isa = PBXProject;
			attributes = {
				BuildIndependentTargetsInParallel = 1;
				LastSwiftUpdateCheck = 1300;
				LastUpgradeCheck = 1300;
				TargetAttributes = {
					B37135542703226700DC44C0 = {
						CreatedOnToolsVersion = 13.0;
					};
				};
			};
			buildConfigurationList = B37135502703226700DC44C0 /* Build configuration list for PBXProject "Prog2WeatherProject" */;
			compatibilityVersion = "Xcode 13.0";
			developmentRegion = en;
			hasScannedForEncodings = 0;
			knownRegions = (
				en,
				Base,
			);
			mainGroup = B371354C2703226700DC44C0;
			productRefGroup = B37135562703226700DC44C0 /* Products */;
			projectDirPath = "";
			projectRoot = "";
			targets = (
				B37135542703226700DC44C0 /* Prog2WeatherProject */,
			);
		};
/* End PBXProject section */

/* Begin PBXResourcesBuildPhase section */
		B37135532703226700DC44C0 /* Resources */ = {
			isa = PBXResourcesBuildPhase;
			buildActionMask = 2147483647;
			files = (
				B37135602703226800DC44C0 /* Preview Assets.xcassets in Resources */,
				B371355D2703226800DC44C0 /* Assets.xcassets in Resources */,
				B3166095272AC8470006D240 /* config.json in Resources */,
			);
			runOnlyForDeploymentPostprocessing = 0;
		};
/* End PBXResourcesBuildPhase section */

/* Begin PBXSourcesBuildPhase section */
		B37135512703226700DC44C0 /* Sources */ = {
			isa = PBXSourcesBuildPhase;
			buildActionMask = 2147483647;
			files = (
				B309DFDC27424E22006C10E4 /* City+CoreDataProperties.swift in Sources */,
				B309DFDB27424E22006C10E4 /* City+CoreDataClass.swift in Sources */,
				B37529822715606600F1146B /* LocationAPIResponse.swift in Sources */,
				B3166097272AC8670006D240 /* Config.swift in Sources */,
				B337F8A42742D6360074A1FF /* DateTimeManager.swift in Sources */,
				B371355B2703226700DC44C0 /* ContentView.swift in Sources */,
				B3792D0C27141A270002D111 /* WeatherAPIResponse.swift in Sources */,
				B3792D15271452870002D111 /* WeatherViewModel.swift in Sources */,
				B37135652703226800DC44C0 /* Prog2WeatherProject.xcdatamodeld in Sources */,
				B3792D1027141B0A0002D111 /* WeatherService.swift in Sources */,
				B37529842715657400F1146B /* SearchCity.swift in Sources */,
				B3DA8A852742A7D60001A7BF /* WeatherView.swift in Sources */,
				B32095D6272191C4004E71CC /* LocationManager.swift in Sources */,
				B32DBA5427424A070042B29F /* SavedCitiesViewModel.swift in Sources */,
				B35421C4273A66A200C9D31E /* SavedDataManager.swift.swift in Sources */,
				B32095DB27219281004E71CC /* CurrentLocationView.swift in Sources */,
				B375297E27155F7400F1146B /* CustomSearchBar.swift in Sources */,
				B375298027155F9D00F1146B /* CitiesService.swift in Sources */,
				B37135592703226700DC44C0 /* Prog2WeatherProjectApp.swift in Sources */,
				B32803AF2727D9A200E1A30B /* CurrentWeatherViewModel.swift in Sources */,
			);
			runOnlyForDeploymentPostprocessing = 0;
		};
/* End PBXSourcesBuildPhase section */

/* Begin XCBuildConfiguration section */
		B37135662703226800DC44C0 /* Debug */ = {
			isa = XCBuildConfiguration;
			buildSettings = {
				ALWAYS_SEARCH_USER_PATHS = NO;
				CLANG_ANALYZER_NONNULL = YES;
				CLANG_ANALYZER_NUMBER_OBJECT_CONVERSION = YES_AGGRESSIVE;
				CLANG_CXX_LANGUAGE_STANDARD = "gnu++17";
				CLANG_CXX_LIBRARY = "libc++";
				CLANG_ENABLE_MODULES = YES;
				CLANG_ENABLE_OBJC_ARC = YES;
				CLANG_ENABLE_OBJC_WEAK = YES;
				CLANG_WARN_BLOCK_CAPTURE_AUTORELEASING = YES;
				CLANG_WARN_BOOL_CONVERSION = YES;
				CLANG_WARN_COMMA = YES;
				CLANG_WARN_CONSTANT_CONVERSION = YES;
				CLANG_WARN_DEPRECATED_OBJC_IMPLEMENTATIONS = YES;
				CLANG_WARN_DIRECT_OBJC_ISA_USAGE = YES_ERROR;
				CLANG_WARN_DOCUMENTATION_COMMENTS = YES;
				CLANG_WARN_EMPTY_BODY = YES;
				CLANG_WARN_ENUM_CONVERSION = YES;
				CLANG_WARN_INFINITE_RECURSION = YES;
				CLANG_WARN_INT_CONVERSION = YES;
				CLANG_WARN_NON_LITERAL_NULL_CONVERSION = YES;
				CLANG_WARN_OBJC_IMPLICIT_RETAIN_SELF = YES;
				CLANG_WARN_OBJC_LITERAL_CONVERSION = YES;
				CLANG_WARN_OBJC_ROOT_CLASS = YES_ERROR;
				CLANG_WARN_QUOTED_INCLUDE_IN_FRAMEWORK_HEADER = YES;
				CLANG_WARN_RANGE_LOOP_ANALYSIS = YES;
				CLANG_WARN_STRICT_PROTOTYPES = YES;
				CLANG_WARN_SUSPICIOUS_MOVE = YES;
				CLANG_WARN_UNGUARDED_AVAILABILITY = YES_AGGRESSIVE;
				CLANG_WARN_UNREACHABLE_CODE = YES;
				CLANG_WARN__DUPLICATE_METHOD_MATCH = YES;
				COPY_PHASE_STRIP = NO;
				DEBUG_INFORMATION_FORMAT = dwarf;
				ENABLE_STRICT_OBJC_MSGSEND = YES;
				ENABLE_TESTABILITY = YES;
				GCC_C_LANGUAGE_STANDARD = gnu11;
				GCC_DYNAMIC_NO_PIC = NO;
				GCC_NO_COMMON_BLOCKS = YES;
				GCC_OPTIMIZATION_LEVEL = 0;
				GCC_PREPROCESSOR_DEFINITIONS = (
					"DEBUG=1",
					"$(inherited)",
				);
				GCC_WARN_64_TO_32_BIT_CONVERSION = YES;
				GCC_WARN_ABOUT_RETURN_TYPE = YES_ERROR;
				GCC_WARN_UNDECLARED_SELECTOR = YES;
				GCC_WARN_UNINITIALIZED_AUTOS = YES_AGGRESSIVE;
				GCC_WARN_UNUSED_FUNCTION = YES;
				GCC_WARN_UNUSED_VARIABLE = YES;
				IPHONEOS_DEPLOYMENT_TARGET = 15.0;
				MTL_ENABLE_DEBUG_INFO = INCLUDE_SOURCE;
				MTL_FAST_MATH = YES;
				ONLY_ACTIVE_ARCH = YES;
				SDKROOT = iphoneos;
				SWIFT_ACTIVE_COMPILATION_CONDITIONS = DEBUG;
				SWIFT_OPTIMIZATION_LEVEL = "-Onone";
			};
			name = Debug;
		};
		B37135672703226800DC44C0 /* Release */ = {
			isa = XCBuildConfiguration;
			buildSettings = {
				ALWAYS_SEARCH_USER_PATHS = NO;
				CLANG_ANALYZER_NONNULL = YES;
				CLANG_ANALYZER_NUMBER_OBJECT_CONVERSION = YES_AGGRESSIVE;
				CLANG_CXX_LANGUAGE_STANDARD = "gnu++17";
				CLANG_CXX_LIBRARY = "libc++";
				CLANG_ENABLE_MODULES = YES;
				CLANG_ENABLE_OBJC_ARC = YES;
				CLANG_ENABLE_OBJC_WEAK = YES;
				CLANG_WARN_BLOCK_CAPTURE_AUTORELEASING = YES;
				CLANG_WARN_BOOL_CONVERSION = YES;
				CLANG_WARN_COMMA = YES;
				CLANG_WARN_CONSTANT_CONVERSION = YES;
				CLANG_WARN_DEPRECATED_OBJC_IMPLEMENTATIONS = YES;
				CLANG_WARN_DIRECT_OBJC_ISA_USAGE = YES_ERROR;
				CLANG_WARN_DOCUMENTATION_COMMENTS = YES;
				CLANG_WARN_EMPTY_BODY = YES;
				CLANG_WARN_ENUM_CONVERSION = YES;
				CLANG_WARN_INFINITE_RECURSION = YES;
				CLANG_WARN_INT_CONVERSION = YES;
				CLANG_WARN_NON_LITERAL_NULL_CONVERSION = YES;
				CLANG_WARN_OBJC_IMPLICIT_RETAIN_SELF = YES;
				CLANG_WARN_OBJC_LITERAL_CONVERSION = YES;
				CLANG_WARN_OBJC_ROOT_CLASS = YES_ERROR;
				CLANG_WARN_QUOTED_INCLUDE_IN_FRAMEWORK_HEADER = YES;
				CLANG_WARN_RANGE_LOOP_ANALYSIS = YES;
				CLANG_WARN_STRICT_PROTOTYPES = YES;
				CLANG_WARN_SUSPICIOUS_MOVE = YES;
				CLANG_WARN_UNGUARDED_AVAILABILITY = YES_AGGRESSIVE;
				CLANG_WARN_UNREACHABLE_CODE = YES;
				CLANG_WARN__DUPLICATE_METHOD_MATCH = YES;
				COPY_PHASE_STRIP = NO;
				DEBUG_INFORMATION_FORMAT = "dwarf-with-dsym";
				ENABLE_NS_ASSERTIONS = NO;
				ENABLE_STRICT_OBJC_MSGSEND = YES;
				GCC_C_LANGUAGE_STANDARD = gnu11;
				GCC_NO_COMMON_BLOCKS = YES;
				GCC_WARN_64_TO_32_BIT_CONVERSION = YES;
				GCC_WARN_ABOUT_RETURN_TYPE = YES_ERROR;
				GCC_WARN_UNDECLARED_SELECTOR = YES;
				GCC_WARN_UNINITIALIZED_AUTOS = YES_AGGRESSIVE;
				GCC_WARN_UNUSED_FUNCTION = YES;
				GCC_WARN_UNUSED_VARIABLE = YES;
				IPHONEOS_DEPLOYMENT_TARGET = 15.0;
				MTL_ENABLE_DEBUG_INFO = NO;
				MTL_FAST_MATH = YES;
				SDKROOT = iphoneos;
				SWIFT_COMPILATION_MODE = wholemodule;
				SWIFT_OPTIMIZATION_LEVEL = "-O";
				VALIDATE_PRODUCT = YES;
			};
			name = Release;
		};
		B37135692703226800DC44C0 /* Debug */ = {
			isa = XCBuildConfiguration;
			buildSettings = {
				ASSETCATALOG_COMPILER_APPICON_NAME = AppIcon;
				ASSETCATALOG_COMPILER_GLOBAL_ACCENT_COLOR_NAME = AccentColor;
				CODE_SIGN_STYLE = Automatic;
				CURRENT_PROJECT_VERSION = 1;
				DEVELOPMENT_ASSET_PATHS = "\"Prog2WeatherProject/Preview Content\"";
				DEVELOPMENT_TEAM = PN32L5PAE9;
				ENABLE_PREVIEWS = YES;
				GENERATE_INFOPLIST_FILE = YES;
				INFOPLIST_FILE = Prog2WeatherProject/Info.plist;
				INFOPLIST_KEY_NSLocationUsageDescription = "The app needs your location to determine Weather in your area.";
				INFOPLIST_KEY_NSLocationWhenInUseUsageDescription = "The app needs your location to determine Weather in your area.";
				INFOPLIST_KEY_UIApplicationSceneManifest_Generation = YES;
				INFOPLIST_KEY_UIApplicationSupportsIndirectInputEvents = YES;
				INFOPLIST_KEY_UILaunchScreen_Generation = YES;
				INFOPLIST_KEY_UISupportedInterfaceOrientations_iPad = "UIInterfaceOrientationPortrait UIInterfaceOrientationPortraitUpsideDown UIInterfaceOrientationLandscapeLeft UIInterfaceOrientationLandscapeRight";
				INFOPLIST_KEY_UISupportedInterfaceOrientations_iPhone = "UIInterfaceOrientationPortrait UIInterfaceOrientationLandscapeLeft UIInterfaceOrientationLandscapeRight";
				IPHONEOS_DEPLOYMENT_TARGET = 14.7;
				LD_RUNPATH_SEARCH_PATHS = (
					"$(inherited)",
					"@executable_path/Frameworks",
				);
				MARKETING_VERSION = 1.0;
				PRODUCT_BUNDLE_IDENTIFIER = com.AttilaSzel.Prog2WeatherProject;
				PRODUCT_NAME = "$(TARGET_NAME)";
				SWIFT_EMIT_LOC_STRINGS = YES;
				SWIFT_VERSION = 5.0;
				TARGETED_DEVICE_FAMILY = "1,2";
			};
			name = Debug;
		};
		B371356A2703226800DC44C0 /* Release */ = {
			isa = XCBuildConfiguration;
			buildSettings = {
				ASSETCATALOG_COMPILER_APPICON_NAME = AppIcon;
				ASSETCATALOG_COMPILER_GLOBAL_ACCENT_COLOR_NAME = AccentColor;
				CODE_SIGN_STYLE = Automatic;
				CURRENT_PROJECT_VERSION = 1;
				DEVELOPMENT_ASSET_PATHS = "\"Prog2WeatherProject/Preview Content\"";
				DEVELOPMENT_TEAM = PN32L5PAE9;
				ENABLE_PREVIEWS = YES;
				GENERATE_INFOPLIST_FILE = YES;
				INFOPLIST_FILE = Prog2WeatherProject/Info.plist;
				INFOPLIST_KEY_NSLocationUsageDescription = "The app needs your location to determine Weather in your area.";
				INFOPLIST_KEY_NSLocationWhenInUseUsageDescription = "The app needs your location to determine Weather in your area.";
				INFOPLIST_KEY_UIApplicationSceneManifest_Generation = YES;
				INFOPLIST_KEY_UIApplicationSupportsIndirectInputEvents = YES;
				INFOPLIST_KEY_UILaunchScreen_Generation = YES;
				INFOPLIST_KEY_UISupportedInterfaceOrientations_iPad = "UIInterfaceOrientationPortrait UIInterfaceOrientationPortraitUpsideDown UIInterfaceOrientationLandscapeLeft UIInterfaceOrientationLandscapeRight";
				INFOPLIST_KEY_UISupportedInterfaceOrientations_iPhone = "UIInterfaceOrientationPortrait UIInterfaceOrientationLandscapeLeft UIInterfaceOrientationLandscapeRight";
				IPHONEOS_DEPLOYMENT_TARGET = 14.7;
				LD_RUNPATH_SEARCH_PATHS = (
					"$(inherited)",
					"@executable_path/Frameworks",
				);
				MARKETING_VERSION = 1.0;
				PRODUCT_BUNDLE_IDENTIFIER = com.AttilaSzel.Prog2WeatherProject;
				PRODUCT_NAME = "$(TARGET_NAME)";
				SWIFT_EMIT_LOC_STRINGS = YES;
				SWIFT_VERSION = 5.0;
				TARGETED_DEVICE_FAMILY = "1,2";
			};
			name = Release;
		};
/* End XCBuildConfiguration section */

/* Begin XCConfigurationList section */
		B37135502703226700DC44C0 /* Build configuration list for PBXProject "Prog2WeatherProject" */ = {
			isa = XCConfigurationList;
			buildConfigurations = (
				B37135662703226800DC44C0 /* Debug */,
				B37135672703226800DC44C0 /* Release */,
			);
			defaultConfigurationIsVisible = 0;
			defaultConfigurationName = Release;
		};
		B37135682703226800DC44C0 /* Build configuration list for PBXNativeTarget "Prog2WeatherProject" */ = {
			isa = XCConfigurationList;
			buildConfigurations = (
				B37135692703226800DC44C0 /* Debug */,
				B371356A2703226800DC44C0 /* Release */,
			);
			defaultConfigurationIsVisible = 0;
			defaultConfigurationName = Release;
		};
/* End XCConfigurationList section */

/* Begin XCVersionGroup section */
		B37135632703226800DC44C0 /* Prog2WeatherProject.xcdatamodeld */ = {
			isa = XCVersionGroup;
			children = (
				B37135642703226800DC44C0 /* Prog2WeatherProject.xcdatamodel */,
			);
			currentVersion = B37135642703226800DC44C0 /* Prog2WeatherProject.xcdatamodel */;
			path = Prog2WeatherProject.xcdatamodeld;
			sourceTree = "<group>";
			versionGroupType = wrapper.xcdatamodel;
		};
/* End XCVersionGroup section */
	};
	rootObject = B371354D2703226700DC44C0 /* Project object */;
}
